
Microsoft Visual Studio Solution File, Format Version 12.00
# Visual Studio Version 17
VisualStudioVersion = 17.5.002.0
MinimumVisualStudioVersion = 10.0.40219.1
Project("{9A19103F-16F7-4668-BE54-9A1E7A4F7556}") = "RestaurantReservationSystemMVC", "RestaurantReservationSystemMVC.csproj", "{2496F7AD-37F8-4068-A831-DE475EA2CC51}"
EndProject
Global
	GlobalSection(SolutionConfigurationPlatforms) = preSolution
		Debug|Any CPU = Debug|Any CPU
		Release|Any CPU = Release|Any CPU
	EndGlobalSection
	GlobalSection(ProjectConfigurationPlatforms) = postSolution
		{2496F7AD-37F8-4068-A831-DE475EA2CC51}.Debug|Any CPU.ActiveCfg = Debug|Any CPU
		{2496F7AD-37F8-4068-A831-DE475EA2CC51}.Debug|Any CPU.Build.0 = Debug|Any CPU
		{2496F7AD-37F8-4068-A831-DE475EA2CC51}.Release|Any CPU.ActiveCfg = Release|Any CPU
		{2496F7AD-37F8-4068-A831-DE475EA2CC51}.Release|Any CPU.Build.0 = Release|Any CPU
	EndGlobalSection
	GlobalSection(SolutionProperties) = preSolution
		HideSolutionNode = FALSE
	EndGlobalSection
	GlobalSection(ExtensibilityGlobals) = postSolution
		SolutionGuid = {DE7AFC63-0204-4C20-86C3-D67D27B2DB87}
	EndGlobalSection
EndGlobal
